
Microsoft Visual Studio Solution File, Format Version 12.00
# Visual Studio 15
VisualStudioVersion = 15.0.28307.421
MinimumVisualStudioVersion = 10.0.40219.1
Project("{FAE04EC0-301F-11D3-BF4B-00C04F79EFBC}") = "VectorOperations", "VectorOperations.csproj", "{9670938A-E439-4B7C-AA86-A446F54F83B6}"
EndProject
Project("{FAE04EC0-301F-11D3-BF4B-00C04F79EFBC}") = "VectorOperationsTests", "..\VectorOperationsTests\VectorOperationsTests.csproj", "{9889A3E5-5FFC-4A43-9526-996254B3CAE0}"
EndProject
Global
	GlobalSection(SolutionConfigurationPlatforms) = preSolution
		Debug|Any CPU = Debug|Any CPU
		Release|Any CPU = Release|Any CPU
	EndGlobalSection
	GlobalSection(ProjectConfigurationPlatforms) = postSolution
		{9670938A-E439-4B7C-AA86-A446F54F83B6}.Debug|Any CPU.ActiveCfg = Debug|Any CPU
		{9670938A-E439-4B7C-AA86-A446F54F83B6}.Debug|Any CPU.Build.0 = Debug|Any CPU
		{9670938A-E439-4B7C-AA86-A446F54F83B6}.Release|Any CPU.ActiveCfg = Release|Any CPU
		{9670938A-E439-4B7C-AA86-A446F54F83B6}.Release|Any CPU.Build.0 = Release|Any CPU
		{9889A3E5-5FFC-4A43-9526-996254B3CAE0}.Debug|Any CPU.ActiveCfg = Debug|Any CPU
		{9889A3E5-5FFC-4A43-9526-996254B3CAE0}.Debug|Any CPU.Build.0 = Debug|Any CPU
		{9889A3E5-5FFC-4A43-9526-996254B3CAE0}.Release|Any CPU.ActiveCfg = Release|Any CPU
		{9889A3E5-5FFC-4A43-9526-996254B3CAE0}.Release|Any CPU.Build.0 = Release|Any CPU
	EndGlobalSection
	GlobalSection(SolutionProperties) = preSolution
		HideSolutionNode = FALSE
	EndGlobalSection
	GlobalSection(ExtensibilityGlobals) = postSolution
		SolutionGuid = {D606C810-4708-452F-B158-6FC73E703CBA}
	EndGlobalSection
EndGlobal
